Microsoft Visual Studio Solution File, Format Version 11.00
# Visual Studio 2008

Project("{85C0F2BA-8658-929E-D60B-0C9C8E774386}") = "Maponline-Intro2", "Assembly-CSharp.csproj", "{33A40C8C-77F6-B17B-9AD7-7A50D5BC72CE}"
EndProject
Project("{85C0F2BA-8658-929E-D60B-0C9C8E774386}") = "Maponline-Intro2", "Assembly-CSharp-Editor.csproj", "{BB0AFDF9-03FB-2600-5766-4AADFDEFCCF6}"
EndProject
Global
	GlobalSection(SolutionConfigurationPlatforms) = preSolution
		Debug|Any CPU = Debug|Any CPU
		Release|Any CPU = Release|Any CPU
	EndGlobalSection
	GlobalSection(ProjectConfigurationPlatforms) = postSolution
		{33A40C8C-77F6-B17B-9AD7-7A50D5BC72CE}.Debug|Any CPU.ActiveCfg = Debug|Any CPU
		{33A40C8C-77F6-B17B-9AD7-7A50D5BC72CE}.Debug|Any CPU.Build.0 = Debug|Any CPU
		{33A40C8C-77F6-B17B-9AD7-7A50D5BC72CE}.Release|Any CPU.ActiveCfg = Release|Any CPU
		{33A40C8C-77F6-B17B-9AD7-7A50D5BC72CE}.Release|Any CPU.Build.0 = Release|Any CPU
		{BB0AFDF9-03FB-2600-5766-4AADFDEFCCF6}.Debug|Any CPU.ActiveCfg = Debug|Any CPU
		{BB0AFDF9-03FB-2600-5766-4AADFDEFCCF6}.Debug|Any CPU.Build.0 = Debug|Any CPU
		{BB0AFDF9-03FB-2600-5766-4AADFDEFCCF6}.Release|Any CPU.ActiveCfg = Release|Any CPU
		{BB0AFDF9-03FB-2600-5766-4AADFDEFCCF6}.Release|Any CPU.Build.0 = Release|Any CPU
	EndGlobalSection
	GlobalSection(SolutionProperties) = preSolution
		HideSolutionNode = FALSE
	EndGlobalSection
	GlobalSection(MonoDevelopProperties) = preSolution
		StartupItem = Assembly-CSharp.csproj
	EndGlobalSection
EndGlobal
