Microsoft Visual Studio Solution File, Format Version 11.00
# Visual Studio 2008

Project("{5C74A965-B9C4-9A1E-ADB7-B7EDAF295E46}") = "GoogleMap", "Assembly-CSharp.csproj", "{B690FA1F-2480-24DB-CF49-692298FF86ED}"
EndProject
Global
	GlobalSection(SolutionConfigurationPlatforms) = preSolution
		Debug|Any CPU = Debug|Any CPU
		Release|Any CPU = Release|Any CPU
	EndGlobalSection
	GlobalSection(ProjectConfigurationPlatforms) = postSolution
		{B690FA1F-2480-24DB-CF49-692298FF86ED}.Debug|Any CPU.ActiveCfg = Debug|Any CPU
		{B690FA1F-2480-24DB-CF49-692298FF86ED}.Debug|Any CPU.Build.0 = Debug|Any CPU
		{B690FA1F-2480-24DB-CF49-692298FF86ED}.Release|Any CPU.ActiveCfg = Release|Any CPU
		{B690FA1F-2480-24DB-CF49-692298FF86ED}.Release|Any CPU.Build.0 = Release|Any CPU
	EndGlobalSection
	GlobalSection(SolutionProperties) = preSolution
		HideSolutionNode = FALSE
	EndGlobalSection
	GlobalSection(MonoDevelopProperties) = preSolution
		StartupItem = Assembly-CSharp.csproj
	EndGlobalSection
EndGlobal
